
Microsoft Visual Studio Solution File, Format Version 12.00
# Visual Studio Version 16
VisualStudioVersion = 16.0.30907.101
MinimumVisualStudioVersion = 10.0.40219.1
Project("{9A19103F-16F7-4668-BE54-9A1E7A4F7556}") = "EstudosPOO", "EstudosPOO.csproj", "{FD4FE0A3-7352-484E-BBE5-868D3F0FF20A}"
EndProject
Global
	GlobalSection(SolutionConfigurationPlatforms) = preSolution
		Debug|Any CPU = Debug|Any CPU
		Release|Any CPU = Release|Any CPU
	EndGlobalSection
	GlobalSection(ProjectConfigurationPlatforms) = postSolution
		{FD4FE0A3-7352-484E-BBE5-868D3F0FF20A}.Debug|Any CPU.ActiveCfg = Debug|Any CPU
		{FD4FE0A3-7352-484E-BBE5-868D3F0FF20A}.Debug|Any CPU.Build.0 = Debug|Any CPU
		{FD4FE0A3-7352-484E-BBE5-868D3F0FF20A}.Release|Any CPU.ActiveCfg = Release|Any CPU
		{FD4FE0A3-7352-484E-BBE5-868D3F0FF20A}.Release|Any CPU.Build.0 = Release|Any CPU
	EndGlobalSection
	GlobalSection(SolutionProperties) = preSolution
		HideSolutionNode = FALSE
	EndGlobalSection
	GlobalSection(ExtensibilityGlobals) = postSolution
		SolutionGuid = {84739B99-BDD6-4F89-ADD0-DCD528DAF0F9}
	EndGlobalSection
EndGlobal
